
Microsoft Visual Studio Solution File, Format Version 12.00
# Visual Studio Version 16
VisualStudioVersion = 16.0.31613.86
MinimumVisualStudioVersion = 10.0.40219.1
Project("{FAE04EC0-301F-11D3-BF4B-00C04F79EFBC}") = "QuiltPatterns", "QuiltPatterns\QuiltPatterns.csproj", "{553B22D4-6185-453D-873B-402E36055EE0}"
EndProject
Global
	GlobalSection(SolutionConfigurationPlatforms) = preSolution
		Debug|Any CPU = Debug|Any CPU
		Release|Any CPU = Release|Any CPU
	EndGlobalSection
	GlobalSection(ProjectConfigurationPlatforms) = postSolution
		{553B22D4-6185-453D-873B-402E36055EE0}.Debug|Any CPU.ActiveCfg = Debug|Any CPU
		{553B22D4-6185-453D-873B-402E36055EE0}.Debug|Any CPU.Build.0 = Debug|Any CPU
		{553B22D4-6185-453D-873B-402E36055EE0}.Release|Any CPU.ActiveCfg = Release|Any CPU
		{553B22D4-6185-453D-873B-402E36055EE0}.Release|Any CPU.Build.0 = Release|Any CPU
	EndGlobalSection
	GlobalSection(SolutionProperties) = preSolution
		HideSolutionNode = FALSE
	EndGlobalSection
	GlobalSection(ExtensibilityGlobals) = postSolution
		SolutionGuid = {547426EC-F9A0-46CD-99D4-FC58E98C313B}
	EndGlobalSection
EndGlobal
